// !$*UTF8*$!
{
	archiveVersion = 1;
	classes = {
	};
	objectVersion = 46;
	objects = {

/* Begin PBXBuildFile section */
		A125F0F41DEA542300692E19 /* AppDelegate.swift in Sources */ = {isa = PBXBuildFile; fileRef = A125F0F31DEA542300692E19 /* AppDelegate.swift */; };
		A125F0F61DEA542300692E19 /* GroceryListViewController.swift in Sources */ = {isa = PBXBuildFile; fileRef = A125F0F51DEA542300692E19 /* GroceryListViewController.swift */; };
		A125F0F91DEA542300692E19 /* Main.storyboard in Resources */ = {isa = PBXBuildFile; fileRef = A125F0F71DEA542300692E19 /* Main.storyboard */; };
		A125F0FC1DEA542300692E19 /* GroceryLists.xcdatamodeld in Sources */ = {isa = PBXBuildFile; fileRef = A125F0FA1DEA542300692E19 /* GroceryLists.xcdatamodeld */; };
		A125F0FE1DEA542300692E19 /* Assets.xcassets in Resources */ = {isa = PBXBuildFile; fileRef = A125F0FD1DEA542300692E19 /* Assets.xcassets */; };
		A125F1011DEA542300692E19 /* LaunchScreen.storyboard in Resources */ = {isa = PBXBuildFile; fileRef = A125F0FF1DEA542300692E19 /* LaunchScreen.storyboard */; };
		A125F10A1DEA584200692E19 /* GroceryDataManager.swift in Sources */ = {isa = PBXBuildFile; fileRef = A125F1091DEA584200692E19 /* GroceryDataManager.swift */; };
		A169BA201DFF734100A1F181 /* UIProtocols.swift in Sources */ = {isa = PBXBuildFile; fileRef = A169BA1F1DFF734100A1F181 /* UIProtocols.swift */; };
		A1AA9DE91DEA79ED004EDEC4 /* GroceryItem+CoreDataClass.swift in Sources */ = {isa = PBXBuildFile; fileRef = A1AA9DE51DEA79ED004EDEC4 /* GroceryItem+CoreDataClass.swift */; };
		A1AA9DEA1DEA79ED004EDEC4 /* GroceryItem+CoreDataProperties.swift in Sources */ = {isa = PBXBuildFile; fileRef = A1AA9DE61DEA79ED004EDEC4 /* GroceryItem+CoreDataProperties.swift */; };
		A1AA9DEB1DEA79ED004EDEC4 /* GroceryList+CoreDataClass.swift in Sources */ = {isa = PBXBuildFile; fileRef = A1AA9DE71DEA79ED004EDEC4 /* GroceryList+CoreDataClass.swift */; };
		A1AA9DEC1DEA79ED004EDEC4 /* GroceryList+CoreDataProperties.swift in Sources */ = {isa = PBXBuildFile; fileRef = A1AA9DE81DEA79ED004EDEC4 /* GroceryList+CoreDataProperties.swift */; };
		A1AA9DEE1DEA8072004EDEC4 /* AddListViewController.swift in Sources */ = {isa = PBXBuildFile; fileRef = A1AA9DED1DEA8072004EDEC4 /* AddListViewController.swift */; };
		A1AA9DF01DEB6634004EDEC4 /* GroceryItemsViewController.swift in Sources */ = {isa = PBXBuildFile; fileRef = A1AA9DEF1DEB6634004EDEC4 /* GroceryItemsViewController.swift */; };
		A1AA9DF21DEB6A92004EDEC4 /* AddItemViewController.swift in Sources */ = {isa = PBXBuildFile; fileRef = A1AA9DF11DEB6A92004EDEC4 /* AddItemViewController.swift */; };
/* End PBXBuildFile section */

/* Begin PBXFileReference section */
		A125F0F01DEA542300692E19 /* GroceryLists.app */ = {isa = PBXFileReference; explicitFileType = wrapper.application; includeInIndex = 0; path = GroceryLists.app; sourceTree = BUILT_PRODUCTS_DIR; };
		A125F0F31DEA542300692E19 /* AppDelegate.swift */ = {isa = PBXFileReference; lastKnownFileType = sourcecode.swift; path = AppDelegate.swift; sourceTree = "<group>"; };
		A125F0F51DEA542300692E19 /* GroceryListViewController.swift */ = {isa = PBXFileReference; lastKnownFileType = sourcecode.swift; path = GroceryListViewController.swift; sourceTree = "<group>"; };
		A125F0F81DEA542300692E19 /* Base */ = {isa = PBXFileReference; lastKnownFileType = file.storyboard; name = Base; path = Base.lproj/Main.storyboard; sourceTree = "<group>"; };
		A125F0FB1DEA542300692E19 /* GroceryLists.xcdatamodel */ = {isa = PBXFileReference; lastKnownFileType = wrapper.xcdatamodel; path = GroceryLists.xcdatamodel; sourceTree = "<group>"; };
		A125F0FD1DEA542300692E19 /* Assets.xcassets */ = {isa = PBXFileReference; lastKnownFileType = folder.assetcatalog; path = Assets.xcassets; sourceTree = "<group>"; };
		A125F1001DEA542300692E19 /* Base */ = {isa = PBXFileReference; lastKnownFileType = file.storyboard; name = Base; path = Base.lproj/LaunchScreen.storyboard; sourceTree = "<group>"; };
		A125F1021DEA542300692E19 /* Info.plist */ = {isa = PBXFileReference; lastKnownFileType = text.plist.xml; path = Info.plist; sourceTree = "<group>"; };
		A125F1091DEA584200692E19 /* GroceryDataManager.swift */ = {isa = PBXFileReference; fileEncoding = 4; lastKnownFileType = sourcecode.swift; path = GroceryDataManager.swift; sourceTree = "<group>"; };
		A169BA1F1DFF734100A1F181 /* UIProtocols.swift */ = {isa = PBXFileReference; fileEncoding = 4; lastKnownFileType = sourcecode.swift; path = UIProtocols.swift; sourceTree = "<group>"; };
		A1AA9DE51DEA79ED004EDEC4 /* GroceryItem+CoreDataClass.swift */ = {isa = PBXFileReference; fileEncoding = 4; lastKnownFileType = sourcecode.swift; path = "GroceryItem+CoreDataClass.swift"; sourceTree = "<group>"; };
		A1AA9DE61DEA79ED004EDEC4 /* GroceryItem+CoreDataProperties.swift */ = {isa = PBXFileReference; fileEncoding = 4; lastKnownFileType = sourcecode.swift; path = "GroceryItem+CoreDataProperties.swift"; sourceTree = "<group>"; };
		A1AA9DE71DEA79ED004EDEC4 /* GroceryList+CoreDataClass.swift */ = {isa = PBXFileReference; fileEncoding = 4; lastKnownFileType = sourcecode.swift; path = "GroceryList+CoreDataClass.swift"; sourceTree = "<group>"; };
		A1AA9DE81DEA79ED004EDEC4 /* GroceryList+CoreDataProperties.swift */ = {isa = PBXFileReference; fileEncoding = 4; lastKnownFileType = sourcecode.swift; path = "GroceryList+CoreDataProperties.swift"; sourceTree = "<group>"; };
		A1AA9DED1DEA8072004EDEC4 /* AddListViewController.swift */ = {isa = PBXFileReference; fileEncoding = 4; lastKnownFileType = sourcecode.swift; path = AddListViewController.swift; sourceTree = "<group>"; };
		A1AA9DEF1DEB6634004EDEC4 /* GroceryItemsViewController.swift */ = {isa = PBXFileReference; fileEncoding = 4; lastKnownFileType = sourcecode.swift; path = GroceryItemsViewController.swift; sourceTree = "<group>"; };
		A1AA9DF11DEB6A92004EDEC4 /* AddItemViewController.swift */ = {isa = PBXFileReference; fileEncoding = 4; lastKnownFileType = sourcecode.swift; path = AddItemViewController.swift; sourceTree = "<group>"; };
/* End PBXFileReference section */

/* Begin PBXFrameworksBuildPhase section */
		A125F0ED1DEA542300692E19 /* Frameworks */ = {
			isa = PBXFrameworksBuildPhase;
			buildActionMask = 2147483647;
			files = (
			);
			runOnlyForDeploymentPostprocessing = 0;
		};
/* End PBXFrameworksBuildPhase section */

/* Begin PBXGroup section */
		A125F0E71DEA542300692E19 = {
			isa = PBXGroup;
			children = (
				A125F0F21DEA542300692E19 /* GroceryLists */,
				A125F0F11DEA542300692E19 /* Products */,
			);
			sourceTree = "<group>";
		};
		A125F0F11DEA542300692E19 /* Products */ = {
			isa = PBXGroup;
			children = (
				A125F0F01DEA542300692E19 /* GroceryLists.app */,
			);
			name = Products;
			sourceTree = "<group>";
		};
		A125F0F21DEA542300692E19 /* GroceryLists */ = {
			isa = PBXGroup;
			children = (
				A125F10B1DEA5ED000692E19 /* View Controllers */,
				A125F1081DEA582600692E19 /* Data */,
				A125F0F31DEA542300692E19 /* AppDelegate.swift */,
				A125F0F71DEA542300692E19 /* Main.storyboard */,
				A125F0FD1DEA542300692E19 /* Assets.xcassets */,
				A125F0FF1DEA542300692E19 /* LaunchScreen.storyboard */,
				A125F1021DEA542300692E19 /* Info.plist */,
				A125F0FA1DEA542300692E19 /* GroceryLists.xcdatamodeld */,
				A169BA1F1DFF734100A1F181 /* UIProtocols.swift */,
			);
			path = GroceryLists;
			sourceTree = "<group>";
		};
		A125F1081DEA582600692E19 /* Data */ = {
			isa = PBXGroup;
			children = (
				A1AA9DE51DEA79ED004EDEC4 /* GroceryItem+CoreDataClass.swift */,
				A1AA9DE61DEA79ED004EDEC4 /* GroceryItem+CoreDataProperties.swift */,
				A1AA9DE71DEA79ED004EDEC4 /* GroceryList+CoreDataClass.swift */,
				A1AA9DE81DEA79ED004EDEC4 /* GroceryList+CoreDataProperties.swift */,
				A125F1091DEA584200692E19 /* GroceryDataManager.swift */,
			);
			name = Data;
			sourceTree = "<group>";
		};
		A125F10B1DEA5ED000692E19 /* View Controllers */ = {
			isa = PBXGroup;
			children = (
				A125F0F51DEA542300692E19 /* GroceryListViewController.swift */,
				A1AA9DEF1DEB6634004EDEC4 /* GroceryItemsViewController.swift */,
				A1AA9DED1DEA8072004EDEC4 /* AddListViewController.swift */,
				A1AA9DF11DEB6A92004EDEC4 /* AddItemViewController.swift */,
			);
			name = "View Controllers";
			sourceTree = "<group>";
		};
/* End PBXGroup section */

/* Begin PBXNativeTarget section */
		A125F0EF1DEA542300692E19 /* GroceryLists */ = {
			isa = PBXNativeTarget;
			buildConfigurationList = A125F1051DEA542300692E19 /* Build configuration list for PBXNativeTarget "GroceryLists" */;
			buildPhases = (
				A125F0EC1DEA542300692E19 /* Sources */,
				A125F0ED1DEA542300692E19 /* Frameworks */,
				A125F0EE1DEA542300692E19 /* Resources */,
			);
			buildRules = (
			);
			dependencies = (
			);
			name = GroceryLists;
			productName = GroceryLists;
			productReference = A125F0F01DEA542300692E19 /* GroceryLists.app */;
			productType = "com.apple.product-type.application";
		};
/* End PBXNativeTarget section */

/* Begin PBXProject section */
		A125F0E81DEA542300692E19 /* Project object */ = {
			isa = PBXProject;
			attributes = {
				LastSwiftUpdateCheck = 0810;
				LastUpgradeCheck = 0810;
				ORGANIZATIONNAME = "Arclite Technologies";
				TargetAttributes = {
					A125F0EF1DEA542300692E19 = {
						CreatedOnToolsVersion = 8.1;
						ProvisioningStyle = Automatic;
					};
				};
			};
			buildConfigurationList = A125F0EB1DEA542300692E19 /* Build configuration list for PBXProject "GroceryLists" */;
			compatibilityVersion = "Xcode 3.2";
			developmentRegion = English;
			hasScannedForEncodings = 0;
			knownRegions = (
				en,
				Base,
			);
			mainGroup = A125F0E71DEA542300692E19;
			productRefGroup = A125F0F11DEA542300692E19 /* Products */;
			projectDirPath = "";
			projectRoot = "";
			targets = (
				A125F0EF1DEA542300692E19 /* GroceryLists */,
			);
		};
/* End PBXProject section */

/* Begin PBXResourcesBuildPhase section */
		A125F0EE1DEA542300692E19 /* Resources */ = {
			isa = PBXResourcesBuildPhase;
			buildActionMask = 2147483647;
			files = (
				A125F1011DEA542300692E19 /* LaunchScreen.storyboard in Resources */,
				A125F0FE1DEA542300692E19 /* Assets.xcassets in Resources */,
				A125F0F91DEA542300692E19 /* Main.storyboard in Resources */,
			);
			runOnlyForDeploymentPostprocessing = 0;
		};
/* End PBXResourcesBuildPhase section */

/* Begin PBXSourcesBuildPhase section */
		A125F0EC1DEA542300692E19 /* Sources */ = {
			isa = PBXSourcesBuildPhase;
			buildActionMask = 2147483647;
			files = (
				A1AA9DE91DEA79ED004EDEC4 /* GroceryItem+CoreDataClass.swift in Sources */,
				A1AA9DEC1DEA79ED004EDEC4 /* GroceryList+CoreDataProperties.swift in Sources */,
				A1AA9DF01DEB6634004EDEC4 /* GroceryItemsViewController.swift in Sources */,
				A125F0F61DEA542300692E19 /* GroceryListViewController.swift in Sources */,
				A125F0F41DEA542300692E19 /* AppDelegate.swift in Sources */,
				A1AA9DEB1DEA79ED004EDEC4 /* GroceryList+CoreDataClass.swift in Sources */,
				A125F0FC1DEA542300692E19 /* GroceryLists.xcdatamodeld in Sources */,
				A169BA201DFF734100A1F181 /* UIProtocols.swift in Sources */,
				A1AA9DEE1DEA8072004EDEC4 /* AddListViewController.swift in Sources */,
				A1AA9DEA1DEA79ED004EDEC4 /* GroceryItem+CoreDataProperties.swift in Sources */,
				A125F10A1DEA584200692E19 /* GroceryDataManager.swift in Sources */,
				A1AA9DF21DEB6A92004EDEC4 /* AddItemViewController.swift in Sources */,
			);
			runOnlyForDeploymentPostprocessing = 0;
		};
/* End PBXSourcesBuildPhase section */

/* Begin PBXVariantGroup section */
		A125F0F71DEA542300692E19 /* Main.storyboard */ = {
			isa = PBXVariantGroup;
			children = (
				A125F0F81DEA542300692E19 /* Base */,
			);
			name = Main.storyboard;
			sourceTree = "<group>";
		};
		A125F0FF1DEA542300692E19 /* LaunchScreen.storyboard */ = {
			isa = PBXVariantGroup;
			children = (
				A125F1001DEA542300692E19 /* Base */,
			);
			name = LaunchScreen.storyboard;
			sourceTree = "<group>";
		};
/* End PBXVariantGroup section */

/* Begin XCBuildConfiguration section */
		A125F1031DEA542300692E19 /* Debug */ = {
			isa = XCBuildConfiguration;
			buildSettings = {
				ALWAYS_SEARCH_USER_PATHS = NO;
				CLANG_ANALYZER_NONNULL = YES;
				CLANG_CXX_LANGUAGE_STANDARD = "gnu++0x";
				CLANG_CXX_LIBRARY = "libc++";
				CLANG_ENABLE_MODULES = YES;
				CLANG_ENABLE_OBJC_ARC = YES;
				CLANG_WARN_BOOL_CONVERSION = YES;
				CLANG_WARN_CONSTANT_CONVERSION = YES;
				CLANG_WARN_DIRECT_OBJC_ISA_USAGE = YES_ERROR;
				CLANG_WARN_DOCUMENTATION_COMMENTS = YES;
				CLANG_WARN_EMPTY_BODY = YES;
				CLANG_WARN_ENUM_CONVERSION = YES;
				CLANG_WARN_INFINITE_RECURSION = YES;
				CLANG_WARN_INT_CONVERSION = YES;
				CLANG_WARN_OBJC_ROOT_CLASS = YES_ERROR;
				CLANG_WARN_SUSPICIOUS_MOVES = YES;
				CLANG_WARN_UNREACHABLE_CODE = YES;
				CLANG_WARN__DUPLICATE_METHOD_MATCH = YES;
				"CODE_SIGN_IDENTITY[sdk=iphoneos*]" = "iPhone Developer";
				COPY_PHASE_STRIP = NO;
				DEBUG_INFORMATION_FORMAT = dwarf;
				ENABLE_STRICT_OBJC_MSGSEND = YES;
				ENABLE_TESTABILITY = YES;
				GCC_C_LANGUAGE_STANDARD = gnu99;
				GCC_DYNAMIC_NO_PIC = NO;
				GCC_NO_COMMON_BLOCKS = YES;
				GCC_OPTIMIZATION_LEVEL = 0;
				GCC_PREPROCESSOR_DEFINITIONS = (
					"DEBUG=1",
					"$(inherited)",
				);
				GCC_WARN_64_TO_32_BIT_CONVERSION = YES;
				GCC_WARN_ABOUT_RETURN_TYPE = YES_ERROR;
				GCC_WARN_UNDECLARED_SELECTOR = YES;
				GCC_WARN_UNINITIALIZED_AUTOS = YES_AGGRESSIVE;
				GCC_WARN_UNUSED_FUNCTION = YES;
				GCC_WARN_UNUSED_VARIABLE = YES;
				IPHONEOS_DEPLOYMENT_TARGET = 10.1;
				MTL_ENABLE_DEBUG_INFO = YES;
				ONLY_ACTIVE_ARCH = YES;
				SDKROOT = iphoneos;
				SWIFT_ACTIVE_COMPILATION_CONDITIONS = DEBUG;
				SWIFT_OPTIMIZATION_LEVEL = "-Onone";
			};
			name = Debug;
		};
		A125F1041DEA542300692E19 /* Release */ = {
			isa = XCBuildConfiguration;
			buildSettings = {
				ALWAYS_SEARCH_USER_PATHS = NO;
				CLANG_ANALYZER_NONNULL = YES;
				CLANG_CXX_LANGUAGE_STANDARD = "gnu++0x";
				CLANG_CXX_LIBRARY = "libc++";
				CLANG_ENABLE_MODULES = YES;
				CLANG_ENABLE_OBJC_ARC = YES;
				CLANG_WARN_BOOL_CONVERSION = YES;
				CLANG_WARN_CONSTANT_CONVERSION = YES;
				CLANG_WARN_DIRECT_OBJC_ISA_USAGE = YES_ERROR;
				CLANG_WARN_DOCUMENTATION_COMMENTS = YES;
				CLANG_WARN_EMPTY_BODY = YES;
				CLANG_WARN_ENUM_CONVERSION = YES;
				CLANG_WARN_INFINITE_RECURSION = YES;
				CLANG_WARN_INT_CONVERSION = YES;
				CLANG_WARN_OBJC_ROOT_CLASS = YES_ERROR;
				CLANG_WARN_SUSPICIOUS_MOVES = YES;
				CLANG_WARN_UNREACHABLE_CODE = YES;
				CLANG_WARN__DUPLICATE_METHOD_MATCH = YES;
				"CODE_SIGN_IDENTITY[sdk=iphoneos*]" = "iPhone Developer";
				COPY_PHASE_STRIP = NO;
				DEBUG_INFORMATION_FORMAT = "dwarf-with-dsym";
				ENABLE_NS_ASSERTIONS = NO;
				ENABLE_STRICT_OBJC_MSGSEND = YES;
				GCC_C_LANGUAGE_STANDARD = gnu99;
				GCC_NO_COMMON_BLOCKS = YES;
				GCC_WARN_64_TO_32_BIT_CONVERSION = YES;
				GCC_WARN_ABOUT_RETURN_TYPE = YES_ERROR;
				GCC_WARN_UNDECLARED_SELECTOR = YES;
				GCC_WARN_UNINITIALIZED_AUTOS = YES_AGGRESSIVE;
				GCC_WARN_UNUSED_FUNCTION = YES;
				GCC_WARN_UNUSED_VARIABLE = YES;
				IPHONEOS_DEPLOYMENT_TARGET = 10.1;
				MTL_ENABLE_DEBUG_INFO = NO;
				SDKROOT = iphoneos;
				SWIFT_OPTIMIZATION_LEVEL = "-Owholemodule";
				VALIDATE_PRODUCT = YES;
			};
			name = Release;
		};
		A125F1061DEA542300692E19 /* Debug */ = {
			isa = XCBuildConfiguration;
			buildSettings = {
				ASSETCATALOG_COMPILER_APPICON_NAME = AppIcon;
				INFOPLIST_FILE = GroceryLists/Info.plist;
				LD_RUNPATH_SEARCH_PATHS = "$(inherited) @executable_path/Frameworks";
				PRODUCT_BUNDLE_IDENTIFIER = com.ArcliteTech.apps.GroceryLists;
				PRODUCT_NAME = "$(TARGET_NAME)";
				SWIFT_VERSION = 3.0;
			};
			name = Debug;
		};
		A125F1071DEA542300692E19 /* Release */ = {
			isa = XCBuildConfiguration;
			buildSettings = {
				ASSETCATALOG_COMPILER_APPICON_NAME = AppIcon;
				INFOPLIST_FILE = GroceryLists/Info.plist;
				LD_RUNPATH_SEARCH_PATHS = "$(inherited) @executable_path/Frameworks";
				PRODUCT_BUNDLE_IDENTIFIER = com.ArcliteTech.apps.GroceryLists;
				PRODUCT_NAME = "$(TARGET_NAME)";
				SWIFT_VERSION = 3.0;
			};
			name = Release;
		};
/* End XCBuildConfiguration section */

/* Begin XCConfigurationList section */
		A125F0EB1DEA542300692E19 /* Build configuration list for PBXProject "GroceryLists" */ = {
			isa = XCConfigurationList;
			buildConfigurations = (
				A125F1031DEA542300692E19 /* Debug */,
				A125F1041DEA542300692E19 /* Release */,
			);
			defaultConfigurationIsVisible = 0;
			defaultConfigurationName = Release;
		};
		A125F1051DEA542300692E19 /* Build configuration list for PBXNativeTarget "GroceryLists" */ = {
			isa = XCConfigurationList;
			buildConfigurations = (
				A125F1061DEA542300692E19 /* Debug */,
				A125F1071DEA542300692E19 /* Release */,
			);
			defaultConfigurationIsVisible = 0;
			defaultConfigurationName = Release;
		};
/* End XCConfigurationList section */

/* Begin XCVersionGroup section */
		A125F0FA1DEA542300692E19 /* GroceryLists.xcdatamodeld */ = {
			isa = XCVersionGroup;
			children = (
				A125F0FB1DEA542300692E19 /* GroceryLists.xcdatamodel */,
			);
			currentVersion = A125F0FB1DEA542300692E19 /* GroceryLists.xcdatamodel */;
			path = GroceryLists.xcdatamodeld;
			sourceTree = "<group>";
			versionGroupType = wrapper.xcdatamodel;
		};
/* End XCVersionGroup section */
	};
	rootObject = A125F0E81DEA542300692E19 /* Project object */;
}
